
Microsoft Visual Studio Solution File, Format Version 12.00
# Visual Studio Version 16
VisualStudioVersion = 16.0.30204.135
MinimumVisualStudioVersion = 10.0.40219.1
Project("{FAE04EC0-301F-11D3-BF4B-00C04F79EFBC}") = "uModPlugins", "uModPlugins.csproj", "{9CBDEF93-E3BD-49B3-AB4A-B7E8E6834D81}"
EndProject
Project("{2150E333-8FDC-42A3-9474-1A3956D46DE8}") = "Solution Items", "Solution Items", "{EF4A5D41-4B20-4CA6-B5EB-24E0EEA0782A}"
	ProjectSection(SolutionItems) = preProject
		.editorconfig = .editorconfig
	EndProjectSection
EndProject
Global
	GlobalSection(SolutionConfigurationPlatforms) = preSolution
		Debug|Any CPU = Debug|Any CPU
		Release|Any CPU = Release|Any CPU
	EndGlobalSection
	GlobalSection(ProjectConfigurationPlatforms) = postSolution
		{9CBDEF93-E3BD-49B3-AB4A-B7E8E6834D81}.Debug|Any CPU.ActiveCfg = Debug|Any CPU
		{9CBDEF93-E3BD-49B3-AB4A-B7E8E6834D81}.Debug|Any CPU.Build.0 = Debug|Any CPU
		{9CBDEF93-E3BD-49B3-AB4A-B7E8E6834D81}.Release|Any CPU.ActiveCfg = Release|Any CPU
		{9CBDEF93-E3BD-49B3-AB4A-B7E8E6834D81}.Release|Any CPU.Build.0 = Release|Any CPU
	EndGlobalSection
	GlobalSection(SolutionProperties) = preSolution
		HideSolutionNode = FALSE
	EndGlobalSection
	GlobalSection(ExtensibilityGlobals) = postSolution
		SolutionGuid = {56DDBAFB-70CB-4769-BD5F-A71228BC7083}
	EndGlobalSection
EndGlobal
